// !$*UTF8*$!
{
	archiveVersion = 1;
	classes = {
	};
	objectVersion = 56;
	objects = {

/* Begin PBXBuildFile section */
		116AD2A429A4D2BE0070CA79 /* ImageMarkdownApp.swift in Sources */ = {isa = PBXBuildFile; fileRef = 116AD2A329A4D2BE0070CA79 /* ImageMarkdownApp.swift */; };
		116AD2A629A4D2BE0070CA79 /* ContentView.swift in Sources */ = {isa = PBXBuildFile; fileRef = 116AD2A529A4D2BE0070CA79 /* ContentView.swift */; };
		116AD2A829A4D2BE0070CA79 /* Assets.xcassets in Resources */ = {isa = PBXBuildFile; fileRef = 116AD2A729A4D2BE0070CA79 /* Assets.xcassets */; };
		116AD2AB29A4D2BE0070CA79 /* Preview Assets.xcassets in Resources */ = {isa = PBXBuildFile; fileRef = 116AD2AA29A4D2BE0070CA79 /* Preview Assets.xcassets */; };
		116AD2B629A4D2BF0070CA79 /* ImageMarkdownTests.swift in Sources */ = {isa = PBXBuildFile; fileRef = 116AD2B529A4D2BF0070CA79 /* ImageMarkdownTests.swift */; };
		116AD2C029A4D2BF0070CA79 /* ImageMarkdownUITests.swift in Sources */ = {isa = PBXBuildFile; fileRef = 116AD2BF29A4D2BF0070CA79 /* ImageMarkdownUITests.swift */; };
		116AD2C229A4D2BF0070CA79 /* ImageMarkdownUITestsLaunchTests.swift in Sources */ = {isa = PBXBuildFile; fileRef = 116AD2C129A4D2BF0070CA79 /* ImageMarkdownUITestsLaunchTests.swift */; };
		116AD2D029A4D33B0070CA79 /* PythonKit in Frameworks */ = {isa = PBXBuildFile; productRef = 116AD2CF29A4D33B0070CA79 /* PythonKit */; };
/* End PBXBuildFile section */

/* Begin PBXContainerItemProxy section */
		116AD2B229A4D2BF0070CA79 /* PBXContainerItemProxy */ = {
			isa = PBXContainerItemProxy;
			containerPortal = 116AD29829A4D2BE0070CA79 /* Project object */;
			proxyType = 1;
			remoteGlobalIDString = 116AD29F29A4D2BE0070CA79;
			remoteInfo = ImageMarkdown;
		};
		116AD2BC29A4D2BF0070CA79 /* PBXContainerItemProxy */ = {
			isa = PBXContainerItemProxy;
			containerPortal = 116AD29829A4D2BE0070CA79 /* Project object */;
			proxyType = 1;
			remoteGlobalIDString = 116AD29F29A4D2BE0070CA79;
			remoteInfo = ImageMarkdown;
		};
/* End PBXContainerItemProxy section */

/* Begin PBXFileReference section */
		116AD2A029A4D2BE0070CA79 /* ImageMarkdown.app */ = {isa = PBXFileReference; explicitFileType = wrapper.application; includeInIndex = 0; path = ImageMarkdown.app; sourceTree = BUILT_PRODUCTS_DIR; };
		116AD2A329A4D2BE0070CA79 /* ImageMarkdownApp.swift */ = {isa = PBXFileReference; lastKnownFileType = sourcecode.swift; path = ImageMarkdownApp.swift; sourceTree = "<group>"; };
		116AD2A529A4D2BE0070CA79 /* ContentView.swift */ = {isa = PBXFileReference; lastKnownFileType = sourcecode.swift; path = ContentView.swift; sourceTree = "<group>"; };
		116AD2A729A4D2BE0070CA79 /* Assets.xcassets */ = {isa = PBXFileReference; lastKnownFileType = folder.assetcatalog; path = Assets.xcassets; sourceTree = "<group>"; };
		116AD2AA29A4D2BE0070CA79 /* Preview Assets.xcassets */ = {isa = PBXFileReference; lastKnownFileType = folder.assetcatalog; path = "Preview Assets.xcassets"; sourceTree = "<group>"; };
		116AD2AC29A4D2BE0070CA79 /* ImageMarkdown.entitlements */ = {isa = PBXFileReference; lastKnownFileType = text.plist.entitlements; path = ImageMarkdown.entitlements; sourceTree = "<group>"; };
		116AD2B129A4D2BF0070CA79 /* ImageMarkdownTests.xctest */ = {isa = PBXFileReference; explicitFileType = wrapper.cfbundle; includeInIndex = 0; path = ImageMarkdownTests.xctest; sourceTree = BUILT_PRODUCTS_DIR; };
		116AD2B529A4D2BF0070CA79 /* ImageMarkdownTests.swift */ = {isa = PBXFileReference; lastKnownFileType = sourcecode.swift; path = ImageMarkdownTests.swift; sourceTree = "<group>"; };
		116AD2BB29A4D2BF0070CA79 /* ImageMarkdownUITests.xctest */ = {isa = PBXFileReference; explicitFileType = wrapper.cfbundle; includeInIndex = 0; path = ImageMarkdownUITests.xctest; sourceTree = BUILT_PRODUCTS_DIR; };
		116AD2BF29A4D2BF0070CA79 /* ImageMarkdownUITests.swift */ = {isa = PBXFileReference; lastKnownFileType = sourcecode.swift; path = ImageMarkdownUITests.swift; sourceTree = "<group>"; };
		116AD2C129A4D2BF0070CA79 /* ImageMarkdownUITestsLaunchTests.swift */ = {isa = PBXFileReference; lastKnownFileType = sourcecode.swift; path = ImageMarkdownUITestsLaunchTests.swift; sourceTree = "<group>"; };
/* End PBXFileReference section */

/* Begin PBXFrameworksBuildPhase section */
		116AD29D29A4D2BE0070CA79 /* Frameworks */ = {
			isa = PBXFrameworksBuildPhase;
			buildActionMask = 2147483647;
			files = (
				116AD2D029A4D33B0070CA79 /* PythonKit in Frameworks */,
			);
			runOnlyForDeploymentPostprocessing = 0;
		};
		116AD2AE29A4D2BF0070CA79 /* Frameworks */ = {
			isa = PBXFrameworksBuildPhase;
			buildActionMask = 2147483647;
			files = (
			);
			runOnlyForDeploymentPostprocessing = 0;
		};
		116AD2B829A4D2BF0070CA79 /* Frameworks */ = {
			isa = PBXFrameworksBuildPhase;
			buildActionMask = 2147483647;
			files = (
			);
			runOnlyForDeploymentPostprocessing = 0;
		};
/* End PBXFrameworksBuildPhase section */

/* Begin PBXGroup section */
		116AD29729A4D2BE0070CA79 = {
			isa = PBXGroup;
			children = (
				116AD2A229A4D2BE0070CA79 /* ImageMarkdown */,
				116AD2B429A4D2BF0070CA79 /* ImageMarkdownTests */,
				116AD2BE29A4D2BF0070CA79 /* ImageMarkdownUITests */,
				116AD2A129A4D2BE0070CA79 /* Products */,
			);
			sourceTree = "<group>";
		};
		116AD2A129A4D2BE0070CA79 /* Products */ = {
			isa = PBXGroup;
			children = (
				116AD2A029A4D2BE0070CA79 /* ImageMarkdown.app */,
				116AD2B129A4D2BF0070CA79 /* ImageMarkdownTests.xctest */,
				116AD2BB29A4D2BF0070CA79 /* ImageMarkdownUITests.xctest */,
			);
			name = Products;
			sourceTree = "<group>";
		};
		116AD2A229A4D2BE0070CA79 /* ImageMarkdown */ = {
			isa = PBXGroup;
			children = (
				116AD2A329A4D2BE0070CA79 /* ImageMarkdownApp.swift */,
				116AD2A529A4D2BE0070CA79 /* ContentView.swift */,
				116AD2A729A4D2BE0070CA79 /* Assets.xcassets */,
				116AD2AC29A4D2BE0070CA79 /* ImageMarkdown.entitlements */,
				116AD2A929A4D2BE0070CA79 /* Preview Content */,
			);
			path = ImageMarkdown;
			sourceTree = "<group>";
		};
		116AD2A929A4D2BE0070CA79 /* Preview Content */ = {
			isa = PBXGroup;
			children = (
				116AD2AA29A4D2BE0070CA79 /* Preview Assets.xcassets */,
			);
			path = "Preview Content";
			sourceTree = "<group>";
		};
		116AD2B429A4D2BF0070CA79 /* ImageMarkdownTests */ = {
			isa = PBXGroup;
			children = (
				116AD2B529A4D2BF0070CA79 /* ImageMarkdownTests.swift */,
			);
			path = ImageMarkdownTests;
			sourceTree = "<group>";
		};
		116AD2BE29A4D2BF0070CA79 /* ImageMarkdownUITests */ = {
			isa = PBXGroup;
			children = (
				116AD2BF29A4D2BF0070CA79 /* ImageMarkdownUITests.swift */,
				116AD2C129A4D2BF0070CA79 /* ImageMarkdownUITestsLaunchTests.swift */,
			);
			path = ImageMarkdownUITests;
			sourceTree = "<group>";
		};
/* End PBXGroup section */

/* Begin PBXNativeTarget section */
		116AD29F29A4D2BE0070CA79 /* ImageMarkdown */ = {
			isa = PBXNativeTarget;
			buildConfigurationList = 116AD2C529A4D2BF0070CA79 /* Build configuration list for PBXNativeTarget "ImageMarkdown" */;
			buildPhases = (
				116AD29C29A4D2BE0070CA79 /* Sources */,
				116AD29D29A4D2BE0070CA79 /* Frameworks */,
				116AD29E29A4D2BE0070CA79 /* Resources */,
			);
			buildRules = (
			);
			dependencies = (
			);
			name = ImageMarkdown;
			packageProductDependencies = (
				116AD2CF29A4D33B0070CA79 /* PythonKit */,
			);
			productName = ImageMarkdown;
			productReference = 116AD2A029A4D2BE0070CA79 /* ImageMarkdown.app */;
			productType = "com.apple.product-type.application";
		};
		116AD2B029A4D2BF0070CA79 /* ImageMarkdownTests */ = {
			isa = PBXNativeTarget;
			buildConfigurationList = 116AD2C829A4D2BF0070CA79 /* Build configuration list for PBXNativeTarget "ImageMarkdownTests" */;
			buildPhases = (
				116AD2AD29A4D2BF0070CA79 /* Sources */,
				116AD2AE29A4D2BF0070CA79 /* Frameworks */,
				116AD2AF29A4D2BF0070CA79 /* Resources */,
			);
			buildRules = (
			);
			dependencies = (
				116AD2B329A4D2BF0070CA79 /* PBXTargetDependency */,
			);
			name = ImageMarkdownTests;
			productName = ImageMarkdownTests;
			productReference = 116AD2B129A4D2BF0070CA79 /* ImageMarkdownTests.xctest */;
			productType = "com.apple.product-type.bundle.unit-test";
		};
		116AD2BA29A4D2BF0070CA79 /* ImageMarkdownUITests */ = {
			isa = PBXNativeTarget;
			buildConfigurationList = 116AD2CB29A4D2BF0070CA79 /* Build configuration list for PBXNativeTarget "ImageMarkdownUITests" */;
			buildPhases = (
				116AD2B729A4D2BF0070CA79 /* Sources */,
				116AD2B829A4D2BF0070CA79 /* Frameworks */,
				116AD2B929A4D2BF0070CA79 /* Resources */,
			);
			buildRules = (
			);
			dependencies = (
				116AD2BD29A4D2BF0070CA79 /* PBXTargetDependency */,
			);
			name = ImageMarkdownUITests;
			productName = ImageMarkdownUITests;
			productReference = 116AD2BB29A4D2BF0070CA79 /* ImageMarkdownUITests.xctest */;
			productType = "com.apple.product-type.bundle.ui-testing";
		};
/* End PBXNativeTarget section */

/* Begin PBXProject section */
		116AD29829A4D2BE0070CA79 /* Project object */ = {
			isa = PBXProject;
			attributes = {
				BuildIndependentTargetsInParallel = 1;
				LastSwiftUpdateCheck = 1420;
				LastUpgradeCheck = 1420;
				TargetAttributes = {
					116AD29F29A4D2BE0070CA79 = {
						CreatedOnToolsVersion = 14.2;
					};
					116AD2B029A4D2BF0070CA79 = {
						CreatedOnToolsVersion = 14.2;
						TestTargetID = 116AD29F29A4D2BE0070CA79;
					};
					116AD2BA29A4D2BF0070CA79 = {
						CreatedOnToolsVersion = 14.2;
						TestTargetID = 116AD29F29A4D2BE0070CA79;
					};
				};
			};
			buildConfigurationList = 116AD29B29A4D2BE0070CA79 /* Build configuration list for PBXProject "ImageMarkdown" */;
			compatibilityVersion = "Xcode 14.0";
			developmentRegion = en;
			hasScannedForEncodings = 0;
			knownRegions = (
				en,
				Base,
			);
			mainGroup = 116AD29729A4D2BE0070CA79;
			packageReferences = (
				116AD2CE29A4D33B0070CA79 /* XCRemoteSwiftPackageReference "PythonKit" */,
			);
			productRefGroup = 116AD2A129A4D2BE0070CA79 /* Products */;
			projectDirPath = "";
			projectRoot = "";
			targets = (
				116AD29F29A4D2BE0070CA79 /* ImageMarkdown */,
				116AD2B029A4D2BF0070CA79 /* ImageMarkdownTests */,
				116AD2BA29A4D2BF0070CA79 /* ImageMarkdownUITests */,
			);
		};
/* End PBXProject section */

/* Begin PBXResourcesBuildPhase section */
		116AD29E29A4D2BE0070CA79 /* Resources */ = {
			isa = PBXResourcesBuildPhase;
			buildActionMask = 2147483647;
			files = (
				116AD2AB29A4D2BE0070CA79 /* Preview Assets.xcassets in Resources */,
				116AD2A829A4D2BE0070CA79 /* Assets.xcassets in Resources */,
			);
			runOnlyForDeploymentPostprocessing = 0;
		};
		116AD2AF29A4D2BF0070CA79 /* Resources */ = {
			isa = PBXResourcesBuildPhase;
			buildActionMask = 2147483647;
			files = (
			);
			runOnlyForDeploymentPostprocessing = 0;
		};
		116AD2B929A4D2BF0070CA79 /* Resources */ = {
			isa = PBXResourcesBuildPhase;
			buildActionMask = 2147483647;
			files = (
			);
			runOnlyForDeploymentPostprocessing = 0;
		};
/* End PBXResourcesBuildPhase section */

/* Begin PBXSourcesBuildPhase section */
		116AD29C29A4D2BE0070CA79 /* Sources */ = {
			isa = PBXSourcesBuildPhase;
			buildActionMask = 2147483647;
			files = (
				116AD2A629A4D2BE0070CA79 /* ContentView.swift in Sources */,
				116AD2A429A4D2BE0070CA79 /* ImageMarkdownApp.swift in Sources */,
			);
			runOnlyForDeploymentPostprocessing = 0;
		};
		116AD2AD29A4D2BF0070CA79 /* Sources */ = {
			isa = PBXSourcesBuildPhase;
			buildActionMask = 2147483647;
			files = (
				116AD2B629A4D2BF0070CA79 /* ImageMarkdownTests.swift in Sources */,
			);
			runOnlyForDeploymentPostprocessing = 0;
		};
		116AD2B729A4D2BF0070CA79 /* Sources */ = {
			isa = PBXSourcesBuildPhase;
			buildActionMask = 2147483647;
			files = (
				116AD2C029A4D2BF0070CA79 /* ImageMarkdownUITests.swift in Sources */,
				116AD2C229A4D2BF0070CA79 /* ImageMarkdownUITestsLaunchTests.swift in Sources */,
			);
			runOnlyForDeploymentPostprocessing = 0;
		};
/* End PBXSourcesBuildPhase section */

/* Begin PBXTargetDependency section */
		116AD2B329A4D2BF0070CA79 /* PBXTargetDependency */ = {
			isa = PBXTargetDependency;
			target = 116AD29F29A4D2BE0070CA79 /* ImageMarkdown */;
			targetProxy = 116AD2B229A4D2BF0070CA79 /* PBXContainerItemProxy */;
		};
		116AD2BD29A4D2BF0070CA79 /* PBXTargetDependency */ = {
			isa = PBXTargetDependency;
			target = 116AD29F29A4D2BE0070CA79 /* ImageMarkdown */;
			targetProxy = 116AD2BC29A4D2BF0070CA79 /* PBXContainerItemProxy */;
		};
/* End PBXTargetDependency section */

/* Begin XCBuildConfiguration section */
		116AD2C329A4D2BF0070CA79 /* Debug */ = {
			isa = XCBuildConfiguration;
			buildSettings = {
				ALWAYS_SEARCH_USER_PATHS = NO;
				CLANG_ANALYZER_NONNULL = YES;
				CLANG_ANALYZER_NUMBER_OBJECT_CONVERSION = YES_AGGRESSIVE;
				CLANG_CXX_LANGUAGE_STANDARD = "gnu++20";
				CLANG_ENABLE_MODULES = YES;
				CLANG_ENABLE_OBJC_ARC = YES;
				CLANG_ENABLE_OBJC_WEAK = YES;
				CLANG_WARN_BLOCK_CAPTURE_AUTORELEASING = YES;
				CLANG_WARN_BOOL_CONVERSION = YES;
				CLANG_WARN_COMMA = YES;
				CLANG_WARN_CONSTANT_CONVERSION = YES;
				CLANG_WARN_DEPRECATED_OBJC_IMPLEMENTATIONS = YES;
				CLANG_WARN_DIRECT_OBJC_ISA_USAGE = YES_ERROR;
				CLANG_WARN_DOCUMENTATION_COMMENTS = YES;
				CLANG_WARN_EMPTY_BODY = YES;
				CLANG_WARN_ENUM_CONVERSION = YES;
				CLANG_WARN_INFINITE_RECURSION = YES;
				CLANG_WARN_INT_CONVERSION = YES;
				CLANG_WARN_NON_LITERAL_NULL_CONVERSION = YES;
				CLANG_WARN_OBJC_IMPLICIT_RETAIN_SELF = YES;
				CLANG_WARN_OBJC_LITERAL_CONVERSION = YES;
				CLANG_WARN_OBJC_ROOT_CLASS = YES_ERROR;
				CLANG_WARN_QUOTED_INCLUDE_IN_FRAMEWORK_HEADER = YES;
				CLANG_WARN_RANGE_LOOP_ANALYSIS = YES;
				CLANG_WARN_STRICT_PROTOTYPES = YES;
				CLANG_WARN_SUSPICIOUS_MOVE = YES;
				CLANG_WARN_UNGUARDED_AVAILABILITY = YES_AGGRESSIVE;
				CLANG_WARN_UNREACHABLE_CODE = YES;
				CLANG_WARN__DUPLICATE_METHOD_MATCH = YES;
				COPY_PHASE_STRIP = NO;
				DEBUG_INFORMATION_FORMAT = dwarf;
				ENABLE_STRICT_OBJC_MSGSEND = YES;
				ENABLE_TESTABILITY = YES;
				GCC_C_LANGUAGE_STANDARD = gnu11;
				GCC_DYNAMIC_NO_PIC = NO;
				GCC_NO_COMMON_BLOCKS = YES;
				GCC_OPTIMIZATION_LEVEL = 0;
				GCC_PREPROCESSOR_DEFINITIONS = (
					"DEBUG=1",
					"$(inherited)",
				);
				GCC_WARN_64_TO_32_BIT_CONVERSION = YES;
				GCC_WARN_ABOUT_RETURN_TYPE = YES_ERROR;
				GCC_WARN_UNDECLARED_SELECTOR = YES;
				GCC_WARN_UNINITIALIZED_AUTOS = YES_AGGRESSIVE;
				GCC_WARN_UNUSED_FUNCTION = YES;
				GCC_WARN_UNUSED_VARIABLE = YES;
				MACOSX_DEPLOYMENT_TARGET = 13.1;
				MTL_ENABLE_DEBUG_INFO = INCLUDE_SOURCE;
				MTL_FAST_MATH = YES;
				ONLY_ACTIVE_ARCH = YES;
				SDKROOT = macosx;
				SWIFT_ACTIVE_COMPILATION_CONDITIONS = DEBUG;
				SWIFT_OPTIMIZATION_LEVEL = "-Onone";
			};
			name = Debug;
		};
		116AD2C429A4D2BF0070CA79 /* Release */ = {
			isa = XCBuildConfiguration;
			buildSettings = {
				ALWAYS_SEARCH_USER_PATHS = NO;
				CLANG_ANALYZER_NONNULL = YES;
				CLANG_ANALYZER_NUMBER_OBJECT_CONVERSION = YES_AGGRESSIVE;
				CLANG_CXX_LANGUAGE_STANDARD = "gnu++20";
				CLANG_ENABLE_MODULES = YES;
				CLANG_ENABLE_OBJC_ARC = YES;
				CLANG_ENABLE_OBJC_WEAK = YES;
				CLANG_WARN_BLOCK_CAPTURE_AUTORELEASING = YES;
				CLANG_WARN_BOOL_CONVERSION = YES;
				CLANG_WARN_COMMA = YES;
				CLANG_WARN_CONSTANT_CONVERSION = YES;
				CLANG_WARN_DEPRECATED_OBJC_IMPLEMENTATIONS = YES;
				CLANG_WARN_DIRECT_OBJC_ISA_USAGE = YES_ERROR;
				CLANG_WARN_DOCUMENTATION_COMMENTS = YES;
				CLANG_WARN_EMPTY_BODY = YES;
				CLANG_WARN_ENUM_CONVERSION = YES;
				CLANG_WARN_INFINITE_RECURSION = YES;
				CLANG_WARN_INT_CONVERSION = YES;
				CLANG_WARN_NON_LITERAL_NULL_CONVERSION = YES;
				CLANG_WARN_OBJC_IMPLICIT_RETAIN_SELF = YES;
				CLANG_WARN_OBJC_LITERAL_CONVERSION = YES;
				CLANG_WARN_OBJC_ROOT_CLASS = YES_ERROR;
				CLANG_WARN_QUOTED_INCLUDE_IN_FRAMEWORK_HEADER = YES;
				CLANG_WARN_RANGE_LOOP_ANALYSIS = YES;
				CLANG_WARN_STRICT_PROTOTYPES = YES;
				CLANG_WARN_SUSPICIOUS_MOVE = YES;
				CLANG_WARN_UNGUARDED_AVAILABILITY = YES_AGGRESSIVE;
				CLANG_WARN_UNREACHABLE_CODE = YES;
				CLANG_WARN__DUPLICATE_METHOD_MATCH = YES;
				COPY_PHASE_STRIP = NO;
				DEBUG_INFORMATION_FORMAT = "dwarf-with-dsym";
				ENABLE_NS_ASSERTIONS = NO;
				ENABLE_STRICT_OBJC_MSGSEND = YES;
				GCC_C_LANGUAGE_STANDARD = gnu11;
				GCC_NO_COMMON_BLOCKS = YES;
				GCC_WARN_64_TO_32_BIT_CONVERSION = YES;
				GCC_WARN_ABOUT_RETURN_TYPE = YES_ERROR;
				GCC_WARN_UNDECLARED_SELECTOR = YES;
				GCC_WARN_UNINITIALIZED_AUTOS = YES_AGGRESSIVE;
				GCC_WARN_UNUSED_FUNCTION = YES;
				GCC_WARN_UNUSED_VARIABLE = YES;
				MACOSX_DEPLOYMENT_TARGET = 13.1;
				MTL_ENABLE_DEBUG_INFO = NO;
				MTL_FAST_MATH = YES;
				SDKROOT = macosx;
				SWIFT_COMPILATION_MODE = wholemodule;
				SWIFT_OPTIMIZATION_LEVEL = "-O";
			};
			name = Release;
		};
		116AD2C629A4D2BF0070CA79 /* Debug */ = {
			isa = XCBuildConfiguration;
			buildSettings = {
				ASSETCATALOG_COMPILER_APPICON_NAME = AppIcon;
				ASSETCATALOG_COMPILER_GLOBAL_ACCENT_COLOR_NAME = AccentColor;
				CODE_SIGN_ENTITLEMENTS = ImageMarkdown/ImageMarkdown.entitlements;
				CODE_SIGN_STYLE = Automatic;
				COMBINE_HIDPI_IMAGES = YES;
				CURRENT_PROJECT_VERSION = 1;
				DEVELOPMENT_ASSET_PATHS = "\"ImageMarkdown/Preview Content\"";
				DEVELOPMENT_TEAM = MAF34NW233;
				ENABLE_HARDENED_RUNTIME = YES;
				ENABLE_PREVIEWS = YES;
				GENERATE_INFOPLIST_FILE = YES;
				INFOPLIST_KEY_NSHumanReadableCopyright = "";
				LD_RUNPATH_SEARCH_PATHS = (
					"$(inherited)",
					"@executable_path/../Frameworks",
				);
				MARKETING_VERSION = 1.0;
				PRODUCT_BUNDLE_IDENTIFIER = goryachev.ImageMarkdown;
				PRODUCT_NAME = "$(TARGET_NAME)";
				SWIFT_EMIT_LOC_STRINGS = YES;
				SWIFT_VERSION = 5.0;
			};
			name = Debug;
		};
		116AD2C729A4D2BF0070CA79 /* Release */ = {
			isa = XCBuildConfiguration;
			buildSettings = {
				ASSETCATALOG_COMPILER_APPICON_NAME = AppIcon;
				ASSETCATALOG_COMPILER_GLOBAL_ACCENT_COLOR_NAME = AccentColor;
				CODE_SIGN_ENTITLEMENTS = ImageMarkdown/ImageMarkdown.entitlements;
				CODE_SIGN_STYLE = Automatic;
				COMBINE_HIDPI_IMAGES = YES;
				CURRENT_PROJECT_VERSION = 1;
				DEVELOPMENT_ASSET_PATHS = "\"ImageMarkdown/Preview Content\"";
				DEVELOPMENT_TEAM = MAF34NW233;
				ENABLE_HARDENED_RUNTIME = YES;
				ENABLE_PREVIEWS = YES;
				GENERATE_INFOPLIST_FILE = YES;
				INFOPLIST_KEY_NSHumanReadableCopyright = "";
				LD_RUNPATH_SEARCH_PATHS = (
					"$(inherited)",
					"@executable_path/../Frameworks",
				);
				MARKETING_VERSION = 1.0;
				PRODUCT_BUNDLE_IDENTIFIER = goryachev.ImageMarkdown;
				PRODUCT_NAME = "$(TARGET_NAME)";
				SWIFT_EMIT_LOC_STRINGS = YES;
				SWIFT_VERSION = 5.0;
			};
			name = Release;
		};
		116AD2C929A4D2BF0070CA79 /* Debug */ = {
			isa = XCBuildConfiguration;
			buildSettings = {
				ALWAYS_EMBED_SWIFT_STANDARD_LIBRARIES = YES;
				BUNDLE_LOADER = "$(TEST_HOST)";
				CODE_SIGN_STYLE = Automatic;
				CURRENT_PROJECT_VERSION = 1;
				DEVELOPMENT_TEAM = MAF34NW233;
				GENERATE_INFOPLIST_FILE = YES;
				MACOSX_DEPLOYMENT_TARGET = 13.1;
				MARKETING_VERSION = 1.0;
				PRODUCT_BUNDLE_IDENTIFIER = goryachev.ImageMarkdownTests;
				PRODUCT_NAME = "$(TARGET_NAME)";
				SWIFT_EMIT_LOC_STRINGS = NO;
				SWIFT_VERSION = 5.0;
				TEST_HOST = "$(BUILT_PRODUCTS_DIR)/ImageMarkdown.app/$(BUNDLE_EXECUTABLE_FOLDER_PATH)/ImageMarkdown";
			};
			name = Debug;
		};
		116AD2CA29A4D2BF0070CA79 /* Release */ = {
			isa = XCBuildConfiguration;
			buildSettings = {
				ALWAYS_EMBED_SWIFT_STANDARD_LIBRARIES = YES;
				BUNDLE_LOADER = "$(TEST_HOST)";
				CODE_SIGN_STYLE = Automatic;
				CURRENT_PROJECT_VERSION = 1;
				DEVELOPMENT_TEAM = MAF34NW233;
				GENERATE_INFOPLIST_FILE = YES;
				MACOSX_DEPLOYMENT_TARGET = 13.1;
				MARKETING_VERSION = 1.0;
				PRODUCT_BUNDLE_IDENTIFIER = goryachev.ImageMarkdownTests;
				PRODUCT_NAME = "$(TARGET_NAME)";
				SWIFT_EMIT_LOC_STRINGS = NO;
				SWIFT_VERSION = 5.0;
				TEST_HOST = "$(BUILT_PRODUCTS_DIR)/ImageMarkdown.app/$(BUNDLE_EXECUTABLE_FOLDER_PATH)/ImageMarkdown";
			};
			name = Release;
		};
		116AD2CC29A4D2BF0070CA79 /* Debug */ = {
			isa = XCBuildConfiguration;
			buildSettings = {
				ALWAYS_EMBED_SWIFT_STANDARD_LIBRARIES = YES;
				CODE_SIGN_STYLE = Automatic;
				CURRENT_PROJECT_VERSION = 1;
				DEVELOPMENT_TEAM = MAF34NW233;
				GENERATE_INFOPLIST_FILE = YES;
				MARKETING_VERSION = 1.0;
				PRODUCT_BUNDLE_IDENTIFIER = goryachev.ImageMarkdownUITests;
				PRODUCT_NAME = "$(TARGET_NAME)";
				SWIFT_EMIT_LOC_STRINGS = NO;
				SWIFT_VERSION = 5.0;
				TEST_TARGET_NAME = ImageMarkdown;
			};
			name = Debug;
		};
		116AD2CD29A4D2BF0070CA79 /* Release */ = {
			isa = XCBuildConfiguration;
			buildSettings = {
				ALWAYS_EMBED_SWIFT_STANDARD_LIBRARIES = YES;
				CODE_SIGN_STYLE = Automatic;
				CURRENT_PROJECT_VERSION = 1;
				DEVELOPMENT_TEAM = MAF34NW233;
				GENERATE_INFOPLIST_FILE = YES;
				MARKETING_VERSION = 1.0;
				PRODUCT_BUNDLE_IDENTIFIER = goryachev.ImageMarkdownUITests;
				PRODUCT_NAME = "$(TARGET_NAME)";
				SWIFT_EMIT_LOC_STRINGS = NO;
				SWIFT_VERSION = 5.0;
				TEST_TARGET_NAME = ImageMarkdown;
			};
			name = Release;
		};
/* End XCBuildConfiguration section */

/* Begin XCConfigurationList section */
		116AD29B29A4D2BE0070CA79 /* Build configuration list for PBXProject "ImageMarkdown" */ = {
			isa = XCConfigurationList;
			buildConfigurations = (
				116AD2C329A4D2BF0070CA79 /* Debug */,
				116AD2C429A4D2BF0070CA79 /* Release */,
			);
			defaultConfigurationIsVisible = 0;
			defaultConfigurationName = Release;
		};
		116AD2C529A4D2BF0070CA79 /* Build configuration list for PBXNativeTarget "ImageMarkdown" */ = {
			isa = XCConfigurationList;
			buildConfigurations = (
				116AD2C629A4D2BF0070CA79 /* Debug */,
				116AD2C729A4D2BF0070CA79 /* Release */,
			);
			defaultConfigurationIsVisible = 0;
			defaultConfigurationName = Release;
		};
		116AD2C829A4D2BF0070CA79 /* Build configuration list for PBXNativeTarget "ImageMarkdownTests" */ = {
			isa = XCConfigurationList;
			buildConfigurations = (
				116AD2C929A4D2BF0070CA79 /* Debug */,
				116AD2CA29A4D2BF0070CA79 /* Release */,
			);
			defaultConfigurationIsVisible = 0;
			defaultConfigurationName = Release;
		};
		116AD2CB29A4D2BF0070CA79 /* Build configuration list for PBXNativeTarget "ImageMarkdownUITests" */ = {
			isa = XCConfigurationList;
			buildConfigurations = (
				116AD2CC29A4D2BF0070CA79 /* Debug */,
				116AD2CD29A4D2BF0070CA79 /* Release */,
			);
			defaultConfigurationIsVisible = 0;
			defaultConfigurationName = Release;
		};
/* End XCConfigurationList section */

/* Begin XCRemoteSwiftPackageReference section */
		116AD2CE29A4D33B0070CA79 /* XCRemoteSwiftPackageReference "PythonKit" */ = {
			isa = XCRemoteSwiftPackageReference;
			repositoryURL = "https://github.com/pvieito/PythonKit.git";
			requirement = {
				branch = master;
				kind = branch;
			};
		};
/* End XCRemoteSwiftPackageReference section */

/* Begin XCSwiftPackageProductDependency section */
		116AD2CF29A4D33B0070CA79 /* PythonKit */ = {
			isa = XCSwiftPackageProductDependency;
			package = 116AD2CE29A4D33B0070CA79 /* XCRemoteSwiftPackageReference "PythonKit" */;
			productName = PythonKit;
		};
/* End XCSwiftPackageProductDependency section */
	};
	rootObject = 116AD29829A4D2BE0070CA79 /* Project object */;
}
